
Microsoft Visual Studio Solution File, Format Version 12.00
# Visual Studio Version 17
VisualStudioVersion = 17.5.002.0
MinimumVisualStudioVersion = 10.0.40219.1
Project("{2150E333-8FDC-42A3-9474-1A3956D46DE8}") = "prepare", "prepare", "{35EFB00D-E919-4867-9BEE-6A2CB690CAAD}"
EndProject
Project("{9A19103F-16F7-4668-BE54-9A1E7A4F7556}") = "Learning02", "prepare\Learning02\Learning02.csproj", "{C09B6045-7B28-4A57-9CF9-0DDF427EDC73}"
EndProject
Project("{9A19103F-16F7-4668-BE54-9A1E7A4F7556}") = "Learning05", "prepare\Learning05\Learning05.csproj", "{471F2A94-DC3B-42B2-844C-735691BF96C2}"
EndProject
Project("{9A19103F-16F7-4668-BE54-9A1E7A4F7556}") = "Learning04", "prepare\Learning04\Learning04.csproj", "{EC843822-7CE3-4A91-9B80-B87C7BA81DD2}"
EndProject
Project("{9A19103F-16F7-4668-BE54-9A1E7A4F7556}") = "Learning03", "prepare\Learning03\Learning03.csproj", "{42D14EE1-EB5F-47EC-B8A8-ED638643FC52}"
EndProject
Project("{2150E333-8FDC-42A3-9474-1A3956D46DE8}") = "prove", "prove", "{824903D9-28F6-442A-931E-180282847B38}"
EndProject
Project("{9A19103F-16F7-4668-BE54-9A1E7A4F7556}") = "Develop03", "prove\Develop03\Develop03.csproj", "{D4972868-77A7-426D-8415-8B88B361836B}"
EndProject
Project("{9A19103F-16F7-4668-BE54-9A1E7A4F7556}") = "Develop04", "prove\Develop04\Develop04.csproj", "{42154235-D974-4F99-8BCC-36135311A980}"
EndProject
Project("{9A19103F-16F7-4668-BE54-9A1E7A4F7556}") = "Develop05", "prove\Develop05\Develop05.csproj", "{A1D30FFC-BD06-42EE-B4C7-CD1B16C0771D}"
EndProject
Project("{9A19103F-16F7-4668-BE54-9A1E7A4F7556}") = "Develop02", "prove\Develop02\Develop02.csproj", "{FA0413CE-4350-40A4-82A8-E5D888E66E16}"
EndProject
Project("{2150E333-8FDC-42A3-9474-1A3956D46DE8}") = "sandbox", "sandbox", "{183A49B1-F853-4DAF-B88D-75638175FB2A}"
EndProject
Project("{9A19103F-16F7-4668-BE54-9A1E7A4F7556}") = "Sandbox", "sandbox\Sandbox\Sandbox.csproj", "{46C50C4E-E6B4-44B1-9D2E-3D61E1E4D278}"
EndProject
Project("{2150E333-8FDC-42A3-9474-1A3956D46DE8}") = "final", "final", "{E54CD89A-A72C-409A-97D0-A03DF0D10B7D}"
EndProject
Project("{9A19103F-16F7-4668-BE54-9A1E7A4F7556}") = "FinalProject", "final\FinalProject\FinalProject.csproj", "{6D19600E-90AA-4CF5-A47B-A76B5F9ADA94}"
EndProject
Project("{9A19103F-16F7-4668-BE54-9A1E7A4F7556}") = "Foundation1", "final\Foundation1\Foundation1.csproj", "{D8A53F94-B4B1-4887-8130-4C83CB94BC2A}"
EndProject
Project("{9A19103F-16F7-4668-BE54-9A1E7A4F7556}") = "Foundation4", "final\Foundation4\Foundation4.csproj", "{3C87BC05-893D-498C-B76D-6D141371BDDF}"
EndProject
Project("{9A19103F-16F7-4668-BE54-9A1E7A4F7556}") = "Foundation3", "final\Foundation3\Foundation3.csproj", "{52136F67-589A-43DB-AD9F-49751C932DDC}"
EndProject
Project("{9A19103F-16F7-4668-BE54-9A1E7A4F7556}") = "Foundation2", "final\Foundation2\Foundation2.csproj", "{5DE48BB2-7E1C-4982-A9B7-93213D22E525}"
EndProject
Project("{2150E333-8FDC-42A3-9474-1A3956D46DE8}") = "csharp-prep", "csharp-prep", "{3EC3B8B3-9051-4BB4-94FA-01563A107075}"
EndProject
Project("{9A19103F-16F7-4668-BE54-9A1E7A4F7556}") = "Prep1", "csharp-prep\Prep1\Prep1.csproj", "{A2E9E236-DF77-4FD7-8C5A-B4C03538619D}"
EndProject
Project("{9A19103F-16F7-4668-BE54-9A1E7A4F7556}") = "Prep5", "csharp-prep\Prep5\Prep5.csproj", "{B6AF82CE-39C6-4AE9-B4BC-601853A5D138}"
EndProject
Project("{9A19103F-16F7-4668-BE54-9A1E7A4F7556}") = "Prep2", "csharp-prep\Prep2\Prep2.csproj", "{736A4734-BB38-4FF4-BD7B-AFEBCF04D80B}"
EndProject
Project("{9A19103F-16F7-4668-BE54-9A1E7A4F7556}") = "Prep3", "csharp-prep\Prep3\Prep3.csproj", "{2EF9CF10-D93B-4E6E-AB67-B3722C5A0995}"
EndProject
Project("{9A19103F-16F7-4668-BE54-9A1E7A4F7556}") = "Prep4", "csharp-prep\Prep4\Prep4.csproj", "{C174E26D-3E43-4FB0-B180-43E73EE82361}"
EndProject
Global
	GlobalSection(SolutionConfigurationPlatforms) = preSolution
		Debug|Any CPU = Debug|Any CPU
		Release|Any CPU = Release|Any CPU
	EndGlobalSection
	GlobalSection(ProjectConfigurationPlatforms) = postSolution
		{C09B6045-7B28-4A57-9CF9-0DDF427EDC73}.Debug|Any CPU.ActiveCfg = Debug|Any CPU
		{C09B6045-7B28-4A57-9CF9-0DDF427EDC73}.Debug|Any CPU.Build.0 = Debug|Any CPU
		{C09B6045-7B28-4A57-9CF9-0DDF427EDC73}.Release|Any CPU.ActiveCfg = Release|Any CPU
		{C09B6045-7B28-4A57-9CF9-0DDF427EDC73}.Release|Any CPU.Build.0 = Release|Any CPU
		{471F2A94-DC3B-42B2-844C-735691BF96C2}.Debug|Any CPU.ActiveCfg = Debug|Any CPU
		{471F2A94-DC3B-42B2-844C-735691BF96C2}.Debug|Any CPU.Build.0 = Debug|Any CPU
		{471F2A94-DC3B-42B2-844C-735691BF96C2}.Release|Any CPU.ActiveCfg = Release|Any CPU
		{471F2A94-DC3B-42B2-844C-735691BF96C2}.Release|Any CPU.Build.0 = Release|Any CPU
		{EC843822-7CE3-4A91-9B80-B87C7BA81DD2}.Debug|Any CPU.ActiveCfg = Debug|Any CPU
		{EC843822-7CE3-4A91-9B80-B87C7BA81DD2}.Debug|Any CPU.Build.0 = Debug|Any CPU
		{EC843822-7CE3-4A91-9B80-B87C7BA81DD2}.Release|Any CPU.ActiveCfg = Release|Any CPU
		{EC843822-7CE3-4A91-9B80-B87C7BA81DD2}.Release|Any CPU.Build.0 = Release|Any CPU
		{42D14EE1-EB5F-47EC-B8A8-ED638643FC52}.Debug|Any CPU.ActiveCfg = Debug|Any CPU
		{42D14EE1-EB5F-47EC-B8A8-ED638643FC52}.Debug|Any CPU.Build.0 = Debug|Any CPU
		{42D14EE1-EB5F-47EC-B8A8-ED638643FC52}.Release|Any CPU.ActiveCfg = Release|Any CPU
		{42D14EE1-EB5F-47EC-B8A8-ED638643FC52}.Release|Any CPU.Build.0 = Release|Any CPU
		{D4972868-77A7-426D-8415-8B88B361836B}.Debug|Any CPU.ActiveCfg = Debug|Any CPU
		{D4972868-77A7-426D-8415-8B88B361836B}.Debug|Any CPU.Build.0 = Debug|Any CPU
		{D4972868-77A7-426D-8415-8B88B361836B}.Release|Any CPU.ActiveCfg = Release|Any CPU
		{D4972868-77A7-426D-8415-8B88B361836B}.Release|Any CPU.Build.0 = Release|Any CPU
		{42154235-D974-4F99-8BCC-36135311A980}.Debug|Any CPU.ActiveCfg = Debug|Any CPU
		{42154235-D974-4F99-8BCC-36135311A980}.Debug|Any CPU.Build.0 = Debug|Any CPU
		{42154235-D974-4F99-8BCC-36135311A980}.Release|Any CPU.ActiveCfg = Release|Any CPU
		{42154235-D974-4F99-8BCC-36135311A980}.Release|Any CPU.Build.0 = Release|Any CPU
		{A1D30FFC-BD06-42EE-B4C7-CD1B16C0771D}.Debug|Any CPU.ActiveCfg = Debug|Any CPU
		{A1D30FFC-BD06-42EE-B4C7-CD1B16C0771D}.Debug|Any CPU.Build.0 = Debug|Any CPU
		{A1D30FFC-BD06-42EE-B4C7-CD1B16C0771D}.Release|Any CPU.ActiveCfg = Release|Any CPU
		{A1D30FFC-BD06-42EE-B4C7-CD1B16C0771D}.Release|Any CPU.Build.0 = Release|Any CPU
		{FA0413CE-4350-40A4-82A8-E5D888E66E16}.Debug|Any CPU.ActiveCfg = Debug|Any CPU
		{FA0413CE-4350-40A4-82A8-E5D888E66E16}.Debug|Any CPU.Build.0 = Debug|Any CPU
		{FA0413CE-4350-40A4-82A8-E5D888E66E16}.Release|Any CPU.ActiveCfg = Release|Any CPU
		{FA0413CE-4350-40A4-82A8-E5D888E66E16}.Release|Any CPU.Build.0 = Release|Any CPU
		{46C50C4E-E6B4-44B1-9D2E-3D61E1E4D278}.Debug|Any CPU.ActiveCfg = Debug|Any CPU
		{46C50C4E-E6B4-44B1-9D2E-3D61E1E4D278}.Debug|Any CPU.Build.0 = Debug|Any CPU
		{46C50C4E-E6B4-44B1-9D2E-3D61E1E4D278}.Release|Any CPU.ActiveCfg = Release|Any CPU
		{46C50C4E-E6B4-44B1-9D2E-3D61E1E4D278}.Release|Any CPU.Build.0 = Release|Any CPU
		{6D19600E-90AA-4CF5-A47B-A76B5F9ADA94}.Debug|Any CPU.ActiveCfg = Debug|Any CPU
		{6D19600E-90AA-4CF5-A47B-A76B5F9ADA94}.Debug|Any CPU.Build.0 = Debug|Any CPU
		{6D19600E-90AA-4CF5-A47B-A76B5F9ADA94}.Release|Any CPU.ActiveCfg = Release|Any CPU
		{6D19600E-90AA-4CF5-A47B-A76B5F9ADA94}.Release|Any CPU.Build.0 = Release|Any CPU
		{D8A53F94-B4B1-4887-8130-4C83CB94BC2A}.Debug|Any CPU.ActiveCfg = Debug|Any CPU
		{D8A53F94-B4B1-4887-8130-4C83CB94BC2A}.Debug|Any CPU.Build.0 = Debug|Any CPU
		{D8A53F94-B4B1-4887-8130-4C83CB94BC2A}.Release|Any CPU.ActiveCfg = Release|Any CPU
		{D8A53F94-B4B1-4887-8130-4C83CB94BC2A}.Release|Any CPU.Build.0 = Release|Any CPU
		{3C87BC05-893D-498C-B76D-6D141371BDDF}.Debug|Any CPU.ActiveCfg = Debug|Any CPU
		{3C87BC05-893D-498C-B76D-6D141371BDDF}.Debug|Any CPU.Build.0 = Debug|Any CPU
		{3C87BC05-893D-498C-B76D-6D141371BDDF}.Release|Any CPU.ActiveCfg = Release|Any CPU
		{3C87BC05-893D-498C-B76D-6D141371BDDF}.Release|Any CPU.Build.0 = Release|Any CPU
		{52136F67-589A-43DB-AD9F-49751C932DDC}.Debug|Any CPU.ActiveCfg = Debug|Any CPU
		{52136F67-589A-43DB-AD9F-49751C932DDC}.Debug|Any CPU.Build.0 = Debug|Any CPU
		{52136F67-589A-43DB-AD9F-49751C932DDC}.Release|Any CPU.ActiveCfg = Release|Any CPU
		{52136F67-589A-43DB-AD9F-49751C932DDC}.Release|Any CPU.Build.0 = Release|Any CPU
		{5DE48BB2-7E1C-4982-A9B7-93213D22E525}.Debug|Any CPU.ActiveCfg = Debug|Any CPU
		{5DE48BB2-7E1C-4982-A9B7-93213D22E525}.Debug|Any CPU.Build.0 = Debug|Any CPU
		{5DE48BB2-7E1C-4982-A9B7-93213D22E525}.Release|Any CPU.ActiveCfg = Release|Any CPU
		{5DE48BB2-7E1C-4982-A9B7-93213D22E525}.Release|Any CPU.Build.0 = Release|Any CPU
		{A2E9E236-DF77-4FD7-8C5A-B4C03538619D}.Debug|Any CPU.ActiveCfg = Debug|Any CPU
		{A2E9E236-DF77-4FD7-8C5A-B4C03538619D}.Debug|Any CPU.Build.0 = Debug|Any CPU
		{A2E9E236-DF77-4FD7-8C5A-B4C03538619D}.Release|Any CPU.ActiveCfg = Release|Any CPU
		{A2E9E236-DF77-4FD7-8C5A-B4C03538619D}.Release|Any CPU.Build.0 = Release|Any CPU
		{B6AF82CE-39C6-4AE9-B4BC-601853A5D138}.Debug|Any CPU.ActiveCfg = Debug|Any CPU
		{B6AF82CE-39C6-4AE9-B4BC-601853A5D138}.Debug|Any CPU.Build.0 = Debug|Any CPU
		{B6AF82CE-39C6-4AE9-B4BC-601853A5D138}.Release|Any CPU.ActiveCfg = Release|Any CPU
		{B6AF82CE-39C6-4AE9-B4BC-601853A5D138}.Release|Any CPU.Build.0 = Release|Any CPU
		{736A4734-BB38-4FF4-BD7B-AFEBCF04D80B}.Debug|Any CPU.ActiveCfg = Debug|Any CPU
		{736A4734-BB38-4FF4-BD7B-AFEBCF04D80B}.Debug|Any CPU.Build.0 = Debug|Any CPU
		{736A4734-BB38-4FF4-BD7B-AFEBCF04D80B}.Release|Any CPU.ActiveCfg = Release|Any CPU
		{736A4734-BB38-4FF4-BD7B-AFEBCF04D80B}.Release|Any CPU.Build.0 = Release|Any CPU
		{2EF9CF10-D93B-4E6E-AB67-B3722C5A0995}.Debug|Any CPU.ActiveCfg = Debug|Any CPU
		{2EF9CF10-D93B-4E6E-AB67-B3722C5A0995}.Debug|Any CPU.Build.0 = Debug|Any CPU
		{2EF9CF10-D93B-4E6E-AB67-B3722C5A0995}.Release|Any CPU.ActiveCfg = Release|Any CPU
		{2EF9CF10-D93B-4E6E-AB67-B3722C5A0995}.Release|Any CPU.Build.0 = Release|Any CPU
		{C174E26D-3E43-4FB0-B180-43E73EE82361}.Debug|Any CPU.ActiveCfg = Debug|Any CPU
		{C174E26D-3E43-4FB0-B180-43E73EE82361}.Debug|Any CPU.Build.0 = Debug|Any CPU
		{C174E26D-3E43-4FB0-B180-43E73EE82361}.Release|Any CPU.ActiveCfg = Release|Any CPU
		{C174E26D-3E43-4FB0-B180-43E73EE82361}.Release|Any CPU.Build.0 = Release|Any CPU
	EndGlobalSection
	GlobalSection(SolutionProperties) = preSolution
		HideSolutionNode = FALSE
	EndGlobalSection
	GlobalSection(NestedProjects) = preSolution
		{C09B6045-7B28-4A57-9CF9-0DDF427EDC73} = {35EFB00D-E919-4867-9BEE-6A2CB690CAAD}
		{471F2A94-DC3B-42B2-844C-735691BF96C2} = {35EFB00D-E919-4867-9BEE-6A2CB690CAAD}
		{EC843822-7CE3-4A91-9B80-B87C7BA81DD2} = {35EFB00D-E919-4867-9BEE-6A2CB690CAAD}
		{42D14EE1-EB5F-47EC-B8A8-ED638643FC52} = {35EFB00D-E919-4867-9BEE-6A2CB690CAAD}
		{D4972868-77A7-426D-8415-8B88B361836B} = {824903D9-28F6-442A-931E-180282847B38}
		{42154235-D974-4F99-8BCC-36135311A980} = {824903D9-28F6-442A-931E-180282847B38}
		{A1D30FFC-BD06-42EE-B4C7-CD1B16C0771D} = {824903D9-28F6-442A-931E-180282847B38}
		{FA0413CE-4350-40A4-82A8-E5D888E66E16} = {824903D9-28F6-442A-931E-180282847B38}
		{46C50C4E-E6B4-44B1-9D2E-3D61E1E4D278} = {183A49B1-F853-4DAF-B88D-75638175FB2A}
		{6D19600E-90AA-4CF5-A47B-A76B5F9ADA94} = {E54CD89A-A72C-409A-97D0-A03DF0D10B7D}
		{D8A53F94-B4B1-4887-8130-4C83CB94BC2A} = {E54CD89A-A72C-409A-97D0-A03DF0D10B7D}
		{3C87BC05-893D-498C-B76D-6D141371BDDF} = {E54CD89A-A72C-409A-97D0-A03DF0D10B7D}
		{52136F67-589A-43DB-AD9F-49751C932DDC} = {E54CD89A-A72C-409A-97D0-A03DF0D10B7D}
		{5DE48BB2-7E1C-4982-A9B7-93213D22E525} = {E54CD89A-A72C-409A-97D0-A03DF0D10B7D}
		{A2E9E236-DF77-4FD7-8C5A-B4C03538619D} = {3EC3B8B3-9051-4BB4-94FA-01563A107075}
		{B6AF82CE-39C6-4AE9-B4BC-601853A5D138} = {3EC3B8B3-9051-4BB4-94FA-01563A107075}
		{736A4734-BB38-4FF4-BD7B-AFEBCF04D80B} = {3EC3B8B3-9051-4BB4-94FA-01563A107075}
		{2EF9CF10-D93B-4E6E-AB67-B3722C5A0995} = {3EC3B8B3-9051-4BB4-94FA-01563A107075}
		{C174E26D-3E43-4FB0-B180-43E73EE82361} = {3EC3B8B3-9051-4BB4-94FA-01563A107075}
	EndGlobalSection
	GlobalSection(ExtensibilityGlobals) = postSolution
		SolutionGuid = {AFE56A43-5367-41BF-9AE7-F10C741D4D5E}
	EndGlobalSection
EndGlobal
